
Microsoft Visual Studio Solution File, Format Version 12.00
# Visual Studio 15
Project("{FAE04EC0-301F-11D3-BF4B-00C04F79EFBC}") = "Assembly-CSharp", "Assembly-CSharp.csproj", "{C33DBF06-B44C-A86A-5165-119A820D2A8B}"
EndProject
Project("{FAE04EC0-301F-11D3-BF4B-00C04F79EFBC}") = "Assembly-CSharp-Editor", "Assembly-CSharp-Editor.csproj", "{964548EB-AAFB-02BD-9DC4-681150A42C2A}"
EndProject
Global
	GlobalSection(SolutionConfigurationPlatforms) = preSolution
		Debug|Any CPU = Debug|Any CPU
		Release|Any CPU = Release|Any CPU
	EndGlobalSection
	GlobalSection(ProjectConfigurationPlatforms) = postSolution
		{C33DBF06-B44C-A86A-5165-119A820D2A8B}.Debug|Any CPU.ActiveCfg = Debug|Any CPU
		{C33DBF06-B44C-A86A-5165-119A820D2A8B}.Debug|Any CPU.Build.0 = Debug|Any CPU
		{C33DBF06-B44C-A86A-5165-119A820D2A8B}.Release|Any CPU.ActiveCfg = Release|Any CPU
		{C33DBF06-B44C-A86A-5165-119A820D2A8B}.Release|Any CPU.Build.0 = Release|Any CPU
		{964548EB-AAFB-02BD-9DC4-681150A42C2A}.Debug|Any CPU.ActiveCfg = Debug|Any CPU
		{964548EB-AAFB-02BD-9DC4-681150A42C2A}.Debug|Any CPU.Build.0 = Debug|Any CPU
		{964548EB-AAFB-02BD-9DC4-681150A42C2A}.Release|Any CPU.ActiveCfg = Release|Any CPU
		{964548EB-AAFB-02BD-9DC4-681150A42C2A}.Release|Any CPU.Build.0 = Release|Any CPU
	EndGlobalSection
	GlobalSection(SolutionProperties) = preSolution
		HideSolutionNode = FALSE
	EndGlobalSection
EndGlobal
