
Microsoft Visual Studio Solution File, Format Version 12.00
# Visual Studio 15
Project("{FAE04EC0-301F-11D3-BF4B-00C04F79EFBC}") = "Assembly-CSharp", "Assembly-CSharp.csproj", "{DC39BE39-3CC7-42FF-86EA-09A016492260}"
EndProject
Project("{FAE04EC0-301F-11D3-BF4B-00C04F79EFBC}") = "Assembly-CSharp-Editor", "Assembly-CSharp-Editor.csproj", "{888800D8-6885-2D76-BF74-3F11DDF121C9}"
EndProject
Global
	GlobalSection(SolutionConfigurationPlatforms) = preSolution
		Debug|Any CPU = Debug|Any CPU
		Release|Any CPU = Release|Any CPU
	EndGlobalSection
	GlobalSection(ProjectConfigurationPlatforms) = postSolution
		{DC39BE39-3CC7-42FF-86EA-09A016492260}.Debug|Any CPU.ActiveCfg = Debug|Any CPU
		{DC39BE39-3CC7-42FF-86EA-09A016492260}.Debug|Any CPU.Build.0 = Debug|Any CPU
		{DC39BE39-3CC7-42FF-86EA-09A016492260}.Release|Any CPU.ActiveCfg = Release|Any CPU
		{DC39BE39-3CC7-42FF-86EA-09A016492260}.Release|Any CPU.Build.0 = Release|Any CPU
		{888800D8-6885-2D76-BF74-3F11DDF121C9}.Debug|Any CPU.ActiveCfg = Debug|Any CPU
		{888800D8-6885-2D76-BF74-3F11DDF121C9}.Debug|Any CPU.Build.0 = Debug|Any CPU
		{888800D8-6885-2D76-BF74-3F11DDF121C9}.Release|Any CPU.ActiveCfg = Release|Any CPU
		{888800D8-6885-2D76-BF74-3F11DDF121C9}.Release|Any CPU.Build.0 = Release|Any CPU
	EndGlobalSection
	GlobalSection(SolutionProperties) = preSolution
		HideSolutionNode = FALSE
	EndGlobalSection
EndGlobal
