
Microsoft Visual Studio Solution File, Format Version 12.00
# Visual Studio 15
Project("{FAE04EC0-301F-11D3-BF4B-00C04F79EFBC}") = "Assembly-CSharp", "Assembly-CSharp.csproj", "{3F626408-F97B-D461-135F-823824A72476}"
EndProject
Project("{FAE04EC0-301F-11D3-BF4B-00C04F79EFBC}") = "Assembly-CSharp-Editor", "Assembly-CSharp-Editor.csproj", "{26EA2DEE-3F10-DBFD-BB57-3B98F8CAF90A}"
EndProject
Global
	GlobalSection(SolutionConfigurationPlatforms) = preSolution
		Debug|Any CPU = Debug|Any CPU
		Release|Any CPU = Release|Any CPU
	EndGlobalSection
	GlobalSection(ProjectConfigurationPlatforms) = postSolution
		{3F626408-F97B-D461-135F-823824A72476}.Debug|Any CPU.ActiveCfg = Debug|Any CPU
		{3F626408-F97B-D461-135F-823824A72476}.Debug|Any CPU.Build.0 = Debug|Any CPU
		{3F626408-F97B-D461-135F-823824A72476}.Release|Any CPU.ActiveCfg = Release|Any CPU
		{3F626408-F97B-D461-135F-823824A72476}.Release|Any CPU.Build.0 = Release|Any CPU
		{26EA2DEE-3F10-DBFD-BB57-3B98F8CAF90A}.Debug|Any CPU.ActiveCfg = Debug|Any CPU
		{26EA2DEE-3F10-DBFD-BB57-3B98F8CAF90A}.Debug|Any CPU.Build.0 = Debug|Any CPU
		{26EA2DEE-3F10-DBFD-BB57-3B98F8CAF90A}.Release|Any CPU.ActiveCfg = Release|Any CPU
		{26EA2DEE-3F10-DBFD-BB57-3B98F8CAF90A}.Release|Any CPU.Build.0 = Release|Any CPU
	EndGlobalSection
	GlobalSection(SolutionProperties) = preSolution
		HideSolutionNode = FALSE
	EndGlobalSection
EndGlobal
